schema: '2.0'
stages:
  data_ingestion:
    cmd: python src/data_ingestion.py
    deps:
    - path: src/data_ingestion.py
      hash: md5
      md5: bdc15f0304f59ce710b4d4dc51345373
      size: 471
    outs:
    - path: data/raw/test.csv
      hash: md5
      md5: 7443713d68c4d3c19499b7eaba1c672d
      size: 508
    - path: data/raw/train.csv
      hash: md5
      md5: e3979e36262893c4bc47f559364f695e
      size: 1866
  feature_engineering:
    cmd: python src/feature_engineering.py
    deps:
    - path: data/raw/test.csv
      hash: md5
      md5: 7443713d68c4d3c19499b7eaba1c672d
      size: 508
    - path: data/raw/train.csv
      hash: md5
      md5: e3979e36262893c4bc47f559364f695e
      size: 1866
    - path: src/feature_engineering.py
      hash: md5
      md5: d1beb2a340ed99d6c1a8d1b30145d6b6
      size: 1409
    params:
      params.yaml:
        feature_engineering.n_components: 3
    outs:
    - path: data/processed/test_processed.csv
      hash: md5
      md5: e15c0fd16b4646ddc159172c97b25926
      size: 1254
    - path: data/processed/train_processed.csv
      hash: md5
      md5: e546a2fd929806caa56b25f218c383db
      size: 4978
  train_model:
    cmd: python src/model_training.py
    deps:
    - path: data/processed/train_processed.csv
      hash: md5
      md5: e546a2fd929806caa56b25f218c383db
      size: 4978
    - path: src/model_training.py
      hash: md5
      md5: bc44159337af4b1075009835f3065e48
      size: 941
    params:
      params.yaml:
        model_training.bootstrap: true
        model_training.criterion: gini
        model_training.max_depth: 3
        model_training.n_estimators: 16
    outs:
    - path: model.pkl
      hash: md5
      md5: a2a712ec62174f32e7aeed0de4a6f0ac
      size: 19449
  evaluate_model:
    cmd: python src/model_evaluation.py
    deps:
    - path: data/processed/test_processed.csv
      hash: md5
      md5: e15c0fd16b4646ddc159172c97b25926
      size: 1254
    - path: model.pkl
      hash: md5
      md5: a2a712ec62174f32e7aeed0de4a6f0ac
      size: 19449
    - path: src/model_evaluation.py
      hash: md5
      md5: 308b5458e54628e0e669942020f357c1
      size: 1398
    params:
      params.yaml:
        feature_engineering.n_components: 3
        model_training.bootstrap: true
        model_training.criterion: gini
        model_training.max_depth: 3
        model_training.n_estimators: 16
    outs:
    - path: metrics.json
      hash: md5
      md5: 0a0185a5bce9e918165e3f8b402f4c84
      size: 100
